# THIS IS AN AUTOGENERATED FILE. DO NOT EDIT THIS FILE DIRECTLY.
# yarn lockfile v1


"@xiaoyuzhou/package1@^1.0.9":
  version "1.0.9"
  resolved "https://registry.npmjs.org/@xiaoyuzhou/package1/-/package1-1.0.9.tgz#7ead9c178b5e79bb36c0c2dfeda34945dda3b312"
  integrity sha512-MSGj9RZEpCWLdT5rsByThpdihqCrYXpETFkypcl6iKZXaujOZFQ+MxGQeyOuglSHODAp8jh1HY7hNF/KGEV+kA==

"@xiaoyuzhou/package2@^1.1.7":
  version "1.1.7"
  resolved "https://registry.npmjs.org/@xiaoyuzhou/package2/-/package2-1.1.7.tgz#a39acaaf2601e79fcdfd4e5f3009674c461b88ef"
  integrity sha512-8qXM2YF43hIHh9m2aJp3hZFOniT4a7C4PFDDxeYVLQXV+a717zUW2QoVk0bu6FA4peARkYhBUfYLNiI8UZbdpg==
